
Microsoft Visual Studio Solution File, Format Version 12.00
# Visual Studio Version 17
VisualStudioVersion = 17.10.34928.147
MinimumVisualStudioVersion = 10.0.40219.1
Project("{8BC9CEB8-8B4A-11D0-8D11-00A0C91BC942}") = "WinAPI", "WinAPI\WinAPI.vcxproj", "{EDEEBE85-CC2B-45DF-8E55-35E827F9CF67}"
EndProject
Project("{8BC9CEB8-8B4A-11D0-8D11-00A0C91BC942}") = "DialogBox", "DialogBox\DialogBox.vcxproj", "{CFFF2F51-51E6-495F-AC32-A9E19835DA72}"
EndProject
Project("{8BC9CEB8-8B4A-11D0-8D11-00A0C91BC942}") = "ComboBox", "ComboBox\ComboBox.vcxproj", "{20C4F3B5-2A84-4222-9577-A52BDBE72BF6}"
EndProject
Project("{8BC9CEB8-8B4A-11D0-8D11-00A0C91BC942}") = "ListBox", "ListBox\ListBox.vcxproj", "{89714389-B78F-489C-A29A-E213C7BE303D}"
EndProject
Project("{8BC9CEB8-8B4A-11D0-8D11-00A0C91BC942}") = "MainWindow", "MainWindow\MainWindow.vcxproj", "{EE9699C3-079A-4B2F-B94B-5DB0F33E2F92}"
EndProject
Project("{8BC9CEB8-8B4A-11D0-8D11-00A0C91BC942}") = "Calculator", "Calculator\Calculator.vcxproj", "{30257926-C91B-4847-8B91-78D95C1C637C}"
EndProject
Project("{8BC9CEB8-8B4A-11D0-8D11-00A0C91BC942}") = "Calc", "Calc\Calc.vcxproj", "{E5DAC99F-06D7-4FF6-8CBF-154195F452CB}"
EndProject
Project("{8BC9CEB8-8B4A-11D0-8D11-00A0C91BC942}") = "ResourceOnlyDLL", "ResourceOnlyDLL\ResourceOnlyDLL.vcxproj", "{C3CF00CD-C6F4-4327-9DEE-9AF18AAE2442}"
EndProject
Project("{8BC9CEB8-8B4A-11D0-8D11-00A0C91BC942}") = "FontOnlyDLL", "FontOnlyDLL\FontOnlyDLL.vcxproj", "{F0E8A12E-3DD4-4FB4-9C0C-D025285CFA4F}"
EndProject
Global
	GlobalSection(SolutionConfigurationPlatforms) = preSolution
		Debug|x64 = Debug|x64
		Debug|x86 = Debug|x86
		Release|x64 = Release|x64
		Release|x86 = Release|x86
	EndGlobalSection
	GlobalSection(ProjectConfigurationPlatforms) = postSolution
		{EDEEBE85-CC2B-45DF-8E55-35E827F9CF67}.Debug|x64.ActiveCfg = Debug|x64
		{EDEEBE85-CC2B-45DF-8E55-35E827F9CF67}.Debug|x64.Build.0 = Debug|x64
		{EDEEBE85-CC2B-45DF-8E55-35E827F9CF67}.Debug|x86.ActiveCfg = Debug|Win32
		{EDEEBE85-CC2B-45DF-8E55-35E827F9CF67}.Debug|x86.Build.0 = Debug|Win32
		{EDEEBE85-CC2B-45DF-8E55-35E827F9CF67}.Release|x64.ActiveCfg = Release|x64
		{EDEEBE85-CC2B-45DF-8E55-35E827F9CF67}.Release|x64.Build.0 = Release|x64
		{EDEEBE85-CC2B-45DF-8E55-35E827F9CF67}.Release|x86.ActiveCfg = Release|Win32
		{EDEEBE85-CC2B-45DF-8E55-35E827F9CF67}.Release|x86.Build.0 = Release|Win32
		{CFFF2F51-51E6-495F-AC32-A9E19835DA72}.Debug|x64.ActiveCfg = Debug|x64
		{CFFF2F51-51E6-495F-AC32-A9E19835DA72}.Debug|x64.Build.0 = Debug|x64
		{CFFF2F51-51E6-495F-AC32-A9E19835DA72}.Debug|x86.ActiveCfg = Debug|Win32
		{CFFF2F51-51E6-495F-AC32-A9E19835DA72}.Debug|x86.Build.0 = Debug|Win32
		{CFFF2F51-51E6-495F-AC32-A9E19835DA72}.Release|x64.ActiveCfg = Release|x64
		{CFFF2F51-51E6-495F-AC32-A9E19835DA72}.Release|x64.Build.0 = Release|x64
		{CFFF2F51-51E6-495F-AC32-A9E19835DA72}.Release|x86.ActiveCfg = Release|Win32
		{CFFF2F51-51E6-495F-AC32-A9E19835DA72}.Release|x86.Build.0 = Release|Win32
		{20C4F3B5-2A84-4222-9577-A52BDBE72BF6}.Debug|x64.ActiveCfg = Debug|x64
		{20C4F3B5-2A84-4222-9577-A52BDBE72BF6}.Debug|x64.Build.0 = Debug|x64
		{20C4F3B5-2A84-4222-9577-A52BDBE72BF6}.Debug|x86.ActiveCfg = Debug|Win32
		{20C4F3B5-2A84-4222-9577-A52BDBE72BF6}.Debug|x86.Build.0 = Debug|Win32
		{20C4F3B5-2A84-4222-9577-A52BDBE72BF6}.Release|x64.ActiveCfg = Release|x64
		{20C4F3B5-2A84-4222-9577-A52BDBE72BF6}.Release|x64.Build.0 = Release|x64
		{20C4F3B5-2A84-4222-9577-A52BDBE72BF6}.Release|x86.ActiveCfg = Release|Win32
		{20C4F3B5-2A84-4222-9577-A52BDBE72BF6}.Release|x86.Build.0 = Release|Win32
		{89714389-B78F-489C-A29A-E213C7BE303D}.Debug|x64.ActiveCfg = Debug|x64
		{89714389-B78F-489C-A29A-E213C7BE303D}.Debug|x64.Build.0 = Debug|x64
		{89714389-B78F-489C-A29A-E213C7BE303D}.Debug|x86.ActiveCfg = Debug|Win32
		{89714389-B78F-489C-A29A-E213C7BE303D}.Debug|x86.Build.0 = Debug|Win32
		{89714389-B78F-489C-A29A-E213C7BE303D}.Release|x64.ActiveCfg = Release|x64
		{89714389-B78F-489C-A29A-E213C7BE303D}.Release|x64.Build.0 = Release|x64
		{89714389-B78F-489C-A29A-E213C7BE303D}.Release|x86.ActiveCfg = Release|Win32
		{89714389-B78F-489C-A29A-E213C7BE303D}.Release|x86.Build.0 = Release|Win32
		{EE9699C3-079A-4B2F-B94B-5DB0F33E2F92}.Debug|x64.ActiveCfg = Debug|x64
		{EE9699C3-079A-4B2F-B94B-5DB0F33E2F92}.Debug|x64.Build.0 = Debug|x64
		{EE9699C3-079A-4B2F-B94B-5DB0F33E2F92}.Debug|x86.ActiveCfg = Debug|Win32
		{EE9699C3-079A-4B2F-B94B-5DB0F33E2F92}.Debug|x86.Build.0 = Debug|Win32
		{EE9699C3-079A-4B2F-B94B-5DB0F33E2F92}.Release|x64.ActiveCfg = Release|x64
		{EE9699C3-079A-4B2F-B94B-5DB0F33E2F92}.Release|x64.Build.0 = Release|x64
		{EE9699C3-079A-4B2F-B94B-5DB0F33E2F92}.Release|x86.ActiveCfg = Release|Win32
		{EE9699C3-079A-4B2F-B94B-5DB0F33E2F92}.Release|x86.Build.0 = Release|Win32
		{30257926-C91B-4847-8B91-78D95C1C637C}.Debug|x64.ActiveCfg = Debug|x64
		{30257926-C91B-4847-8B91-78D95C1C637C}.Debug|x64.Build.0 = Debug|x64
		{30257926-C91B-4847-8B91-78D95C1C637C}.Debug|x86.ActiveCfg = Debug|Win32
		{30257926-C91B-4847-8B91-78D95C1C637C}.Debug|x86.Build.0 = Debug|Win32
		{30257926-C91B-4847-8B91-78D95C1C637C}.Release|x64.ActiveCfg = Release|x64
		{30257926-C91B-4847-8B91-78D95C1C637C}.Release|x64.Build.0 = Release|x64
		{30257926-C91B-4847-8B91-78D95C1C637C}.Release|x86.ActiveCfg = Release|Win32
		{30257926-C91B-4847-8B91-78D95C1C637C}.Release|x86.Build.0 = Release|Win32
		{E5DAC99F-06D7-4FF6-8CBF-154195F452CB}.Debug|x64.ActiveCfg = Debug|x64
		{E5DAC99F-06D7-4FF6-8CBF-154195F452CB}.Debug|x64.Build.0 = Debug|x64
		{E5DAC99F-06D7-4FF6-8CBF-154195F452CB}.Debug|x86.ActiveCfg = Debug|Win32
		{E5DAC99F-06D7-4FF6-8CBF-154195F452CB}.Debug|x86.Build.0 = Debug|Win32
		{E5DAC99F-06D7-4FF6-8CBF-154195F452CB}.Release|x64.ActiveCfg = Release|x64
		{E5DAC99F-06D7-4FF6-8CBF-154195F452CB}.Release|x64.Build.0 = Release|x64
		{E5DAC99F-06D7-4FF6-8CBF-154195F452CB}.Release|x86.ActiveCfg = Release|Win32
		{E5DAC99F-06D7-4FF6-8CBF-154195F452CB}.Release|x86.Build.0 = Release|Win32
		{C3CF00CD-C6F4-4327-9DEE-9AF18AAE2442}.Debug|x64.ActiveCfg = Debug|x64
		{C3CF00CD-C6F4-4327-9DEE-9AF18AAE2442}.Debug|x64.Build.0 = Debug|x64
		{C3CF00CD-C6F4-4327-9DEE-9AF18AAE2442}.Debug|x86.ActiveCfg = Debug|Win32
		{C3CF00CD-C6F4-4327-9DEE-9AF18AAE2442}.Debug|x86.Build.0 = Debug|Win32
		{C3CF00CD-C6F4-4327-9DEE-9AF18AAE2442}.Release|x64.ActiveCfg = Release|x64
		{C3CF00CD-C6F4-4327-9DEE-9AF18AAE2442}.Release|x64.Build.0 = Release|x64
		{C3CF00CD-C6F4-4327-9DEE-9AF18AAE2442}.Release|x86.ActiveCfg = Release|Win32
		{C3CF00CD-C6F4-4327-9DEE-9AF18AAE2442}.Release|x86.Build.0 = Release|Win32
		{F0E8A12E-3DD4-4FB4-9C0C-D025285CFA4F}.Debug|x64.ActiveCfg = Debug|x64
		{F0E8A12E-3DD4-4FB4-9C0C-D025285CFA4F}.Debug|x64.Build.0 = Debug|x64
		{F0E8A12E-3DD4-4FB4-9C0C-D025285CFA4F}.Debug|x86.ActiveCfg = Debug|Win32
		{F0E8A12E-3DD4-4FB4-9C0C-D025285CFA4F}.Debug|x86.Build.0 = Debug|Win32
		{F0E8A12E-3DD4-4FB4-9C0C-D025285CFA4F}.Release|x64.ActiveCfg = Release|x64
		{F0E8A12E-3DD4-4FB4-9C0C-D025285CFA4F}.Release|x64.Build.0 = Release|x64
		{F0E8A12E-3DD4-4FB4-9C0C-D025285CFA4F}.Release|x86.ActiveCfg = Release|Win32
		{F0E8A12E-3DD4-4FB4-9C0C-D025285CFA4F}.Release|x86.Build.0 = Release|Win32
	EndGlobalSection
	GlobalSection(SolutionProperties) = preSolution
		HideSolutionNode = FALSE
	EndGlobalSection
	GlobalSection(ExtensibilityGlobals) = postSolution
		SolutionGuid = {44EF9840-EFE3-4593-9B43-AE7D8A1E6245}
	EndGlobalSection
EndGlobal
